
Microsoft Visual Studio Solution File, Format Version 12.00
# Visual Studio 14
VisualStudioVersion = 14.0.24720.0
MinimumVisualStudioVersion = 10.0.40219.1
Project("{FAE04EC0-301F-11D3-BF4B-00C04F79EFBC}") = "PalindromeFinder.Tests", "PalindromeFinder.Tests\PalindromeFinder.Tests.csproj", "{844F30D9-D7D4-4ADF-89C4-0426D6A1E0F6}"
EndProject
Project("{FAE04EC0-301F-11D3-BF4B-00C04F79EFBC}") = "PalindromeFinder", "PalindromeFinder\PalindromeFinder.csproj", "{CF188B2B-E6E5-4972-BCAF-D2C13C909272}"
EndProject
Global
	GlobalSection(SolutionConfigurationPlatforms) = preSolution
		Debug|Any CPU = Debug|Any CPU
		Release|Any CPU = Release|Any CPU
	EndGlobalSection
	GlobalSection(ProjectConfigurationPlatforms) = postSolution
		{844F30D9-D7D4-4ADF-89C4-0426D6A1E0F6}.Debug|Any CPU.ActiveCfg = Debug|Any CPU
		{844F30D9-D7D4-4ADF-89C4-0426D6A1E0F6}.Debug|Any CPU.Build.0 = Debug|Any CPU
		{844F30D9-D7D4-4ADF-89C4-0426D6A1E0F6}.Release|Any CPU.ActiveCfg = Release|Any CPU
		{844F30D9-D7D4-4ADF-89C4-0426D6A1E0F6}.Release|Any CPU.Build.0 = Release|Any CPU
		{CF188B2B-E6E5-4972-BCAF-D2C13C909272}.Debug|Any CPU.ActiveCfg = Debug|Any CPU
		{CF188B2B-E6E5-4972-BCAF-D2C13C909272}.Debug|Any CPU.Build.0 = Debug|Any CPU
		{CF188B2B-E6E5-4972-BCAF-D2C13C909272}.Release|Any CPU.ActiveCfg = Release|Any CPU
		{CF188B2B-E6E5-4972-BCAF-D2C13C909272}.Release|Any CPU.Build.0 = Release|Any CPU
	EndGlobalSection
	GlobalSection(SolutionProperties) = preSolution
		HideSolutionNode = FALSE
	EndGlobalSection
EndGlobal
